
Microsoft Visual Studio Solution File, Format Version 12.00
# Visual Studio Version 17
VisualStudioVersion = 17.0.31903.59
MinimumVisualStudioVersion = 10.0.40219.1
Project("{FAE04EC0-301F-11D3-BF4B-00C04F79EFBC}") = "MaaserTracker.Web", "MaaserTracker.Web\MaaserTracker.Web.csproj", "{510550B9-644D-4660-8ACD-9E9AB17CF506}"
EndProject
Project("{FAE04EC0-301F-11D3-BF4B-00C04F79EFBC}") = "MaaserTracker.Data", "MaaserTracker.Data\MaaserTracker.Data.csproj", "{A7F109F3-A110-4572-AA91-6A85C0CAB101}"
EndProject
Global
	GlobalSection(SolutionConfigurationPlatforms) = preSolution
		Debug|Any CPU = Debug|Any CPU
		Release|Any CPU = Release|Any CPU
	EndGlobalSection
	GlobalSection(SolutionProperties) = preSolution
		HideSolutionNode = FALSE
	EndGlobalSection
	GlobalSection(ProjectConfigurationPlatforms) = postSolution
		{510550B9-644D-4660-8ACD-9E9AB17CF506}.Debug|Any CPU.ActiveCfg = Debug|Any CPU
		{510550B9-644D-4660-8ACD-9E9AB17CF506}.Debug|Any CPU.Build.0 = Debug|Any CPU
		{510550B9-644D-4660-8ACD-9E9AB17CF506}.Release|Any CPU.ActiveCfg = Release|Any CPU
		{510550B9-644D-4660-8ACD-9E9AB17CF506}.Release|Any CPU.Build.0 = Release|Any CPU
		{A7F109F3-A110-4572-AA91-6A85C0CAB101}.Debug|Any CPU.ActiveCfg = Debug|Any CPU
		{A7F109F3-A110-4572-AA91-6A85C0CAB101}.Debug|Any CPU.Build.0 = Debug|Any CPU
		{A7F109F3-A110-4572-AA91-6A85C0CAB101}.Release|Any CPU.ActiveCfg = Release|Any CPU
		{A7F109F3-A110-4572-AA91-6A85C0CAB101}.Release|Any CPU.Build.0 = Release|Any CPU
	EndGlobalSection
EndGlobal
